<Solution>
  <Configurations>
    <Platform Name="x64" />
  </Configurations>
  <Folder Name="/_Solution Items/">
    <File Path=".gitignore" />
    <File Path="Directory.Build.props" />
    <File Path="README.md" />
    <File Path="build/Common.props" />
    <File Path="build/Cuda.props" />
    <File Path="build/Cuda.targets" />
    <File Path="common/cu_common.h" />
    <File Path="tools/new-project.ps1" />
  </Folder>
  <Folder Name="/S0_Setup/">
    <Project Path="S0_Setup/00_DeviceQuery/00_DeviceQuery.vcxproj" Id="01d9e413-1895-41c1-acde-1d6280e88c24" />
  </Folder>
  <Folder Name="/S1_ExecModel/">
    <Project Path="S1_ExecModel/01_VectorAdd/01_VectorAdd.vcxproj" Id="92545637-6e98-4a90-aa15-2d22b08eaaf6" />
    <Project Path="S1_ExecModel/02_BgrToGray/02_BgrToGray.vcxproj" Id="2c593220-871d-48f6-9c82-2a6048cdb831" />
    <Project Path="S1_ExecModel/03_AsyncAndErrors/03_AsyncAndErrors.vcxproj" Id="1436ebb5-6e6a-4c08-8ca5-249648fe440a" />
  </Folder>
  <Folder Name="/S2_Memory/">
    <Project Path="S2_Memory/04_Transpose/04_Transpose.vcxproj" Id="54ea98bc-c578-4e3d-86be-f179ed8337d8" />
  </Folder>
  <Folder Name="/S3_Reduction/">
    <Project Path="S3_Reduction/05_Reduction/05_Reduction.vcxproj" Id="4da4894a-02a6-4517-8883-4de72303b896" />
  </Folder>
  <Folder Name="/S4_Debugging/">
    <Project Path="S4_Debugging/06_Sanitizer/06_Sanitizer.vcxproj" />
  </Folder>
  <Folder Name="/S5_Streams/">
    <Project Path="S5_Streams/07_Streams/07_Streams.vcxproj" />
  </Folder>
  <Folder Name="/S6_Libraries/">
    <Project Path="S6_Libraries/08_Thrust/08_Thrust.vcxproj" />
  </Folder>
</Solution>